PODS:
  - Flutter (1.0.0)
  - flutter_country_picker (0.0.1):
    - Flutter
  - share (0.5.2):
    - Flutter

DEPENDENCIES:
  - Flutter (from `Flutter`)
  - flutter_country_picker (from `.symlinks/plugins/flutter_country_picker/ios`)
  - share (from `.symlinks/plugins/share/ios`)

EXTERNAL SOURCES:
  Flutter:
    :path: Flutter
  flutter_country_picker:
    :path: ".symlinks/plugins/flutter_country_picker/ios"
  share:
    :path: ".symlinks/plugins/share/ios"

SPEC CHECKSUMS:
  Flutter: 0e3d915762c693b495b44d77113d4970485de6ec
  flutter_country_picker: b73efbc3f1b01519adb99bf8635865737b9422df
  share: bae0a282aab4483288913fc4dc0b935d4b491f2e

PODFILE CHECKSUM: 1b66dae606f75376c5f2135a8290850eeb09ae83

COCOAPODS: 1.8.4
